{
  "name": "BDTracks",
  "lockfileVersion": 3,
  "requires": true,
  "packages": {
    "": {
      "dependencies": {
        "date-fns": "^3.0.0-alpha.2"
      }
    },
    "node_modules/date-fns": {
      "version": "3.0.0-alpha.2",
      "resolved": "https://registry.npmjs.org/date-fns/-/date-fns-3.0.0-alpha.2.tgz",
      "integrity": "sha512-iyiPe3OJNTaiSSH0tZmQuXL0EK5hWzh+eHewYZzL9KzGKSgwt0yszO7BRMxgE35f0/iC+g3NxCXDM0WwP2yB5g==",
      "funding": {
        "type": "opencollective",
        "url": "https://opencollective.com/date-fns"
      }
    }
  }
}
